
Microsoft Visual Studio Solution File, Format Version 12.00
# Visual Studio Version 17
VisualStudioVersion = 17.9.34607.119
MinimumVisualStudioVersion = 10.0.40219.1
Project("{888888A0-9F3D-457C-B088-3A5042F75D52}") = "nn", "nn\nn.pyproj", "{825EB8AD-6FE5-4357-83FA-3216A1296625}"
EndProject
Global
	GlobalSection(SolutionConfigurationPlatforms) = preSolution
		Debug|Any CPU = Debug|Any CPU
		Release|Any CPU = Release|Any CPU
	EndGlobalSection
	GlobalSection(ProjectConfigurationPlatforms) = postSolution
		{825EB8AD-6FE5-4357-83FA-3216A1296625}.Debug|Any CPU.ActiveCfg = Debug|Any CPU
		{825EB8AD-6FE5-4357-83FA-3216A1296625}.Release|Any CPU.ActiveCfg = Release|Any CPU
	EndGlobalSection
	GlobalSection(SolutionProperties) = preSolution
		HideSolutionNode = FALSE
	EndGlobalSection
	GlobalSection(ExtensibilityGlobals) = postSolution
		SolutionGuid = {5007792B-CBE3-45A1-AE41-C384B056F96A}
	EndGlobalSection
EndGlobal
